
Microsoft Visual Studio Solution File, Format Version 12.00
# Visual Studio 15
Project("{FAE04EC0-301F-11D3-BF4B-00C04F79EFBC}") = "UnityEngine.TestRunner", "UnityEngine.TestRunner.csproj", "{86DECBCC-E958-636C-0D16-DCE037BDF6AD}"
EndProject
Project("{FAE04EC0-301F-11D3-BF4B-00C04F79EFBC}") = "UnityEngine.UI", "UnityEngine.UI.csproj", "{5166EF62-49B1-83F8-4CE9-414B06C593E4}"
EndProject
Project("{FAE04EC0-301F-11D3-BF4B-00C04F79EFBC}") = "Unity.TextMeshPro", "Unity.TextMeshPro.csproj", "{C1BD0D23-76E5-0DB8-F998-DF084AAB2E0D}"
EndProject
Project("{FAE04EC0-301F-11D3-BF4B-00C04F79EFBC}") = "Unity.Timeline", "Unity.Timeline.csproj", "{4F5519CF-D7E3-021A-6E78-CE036FD99D7F}"
EndProject
Project("{FAE04EC0-301F-11D3-BF4B-00C04F79EFBC}") = "Assembly-CSharp", "Assembly-CSharp.csproj", "{B2B58FB2-4462-6B0C-A872-40DD957E5FE0}"
EndProject
Project("{FAE04EC0-301F-11D3-BF4B-00C04F79EFBC}") = "UnityEditor.TestRunner", "UnityEditor.TestRunner.csproj", "{79BD3602-F49E-FC5F-D168-D55E8032F8C9}"
EndProject
Project("{FAE04EC0-301F-11D3-BF4B-00C04F79EFBC}") = "Unity.TextMeshPro.Editor", "Unity.TextMeshPro.Editor.csproj", "{9A1C864E-BEA1-EEFB-CA45-CF9C1E24C27E}"
EndProject
Project("{FAE04EC0-301F-11D3-BF4B-00C04F79EFBC}") = "Unity.Timeline.Editor", "Unity.Timeline.Editor.csproj", "{D5DE0C21-7127-2564-597B-B50456EA80A2}"
EndProject
Project("{FAE04EC0-301F-11D3-BF4B-00C04F79EFBC}") = "UnityEditor.UI", "UnityEditor.UI.csproj", "{46D59EF0-6788-C10D-25DD-0D8144EB4B31}"
EndProject
Project("{FAE04EC0-301F-11D3-BF4B-00C04F79EFBC}") = "Unity.Rider.Editor", "Unity.Rider.Editor.csproj", "{326A4F9C-20F0-E078-29A3-6605A766BA46}"
EndProject
Project("{FAE04EC0-301F-11D3-BF4B-00C04F79EFBC}") = "Unity.CollabProxy.Editor", "Unity.CollabProxy.Editor.csproj", "{37F795A0-7B2D-F2ED-D868-2C8F2C06FA1D}"
EndProject
Project("{FAE04EC0-301F-11D3-BF4B-00C04F79EFBC}") = "Unity.VSCode.Editor", "Unity.VSCode.Editor.csproj", "{02FE65F0-FA6E-FB2F-DC1E-CB733254DFAF}"
EndProject
Project("{FAE04EC0-301F-11D3-BF4B-00C04F79EFBC}") = "Assembly-CSharp.Player", "Assembly-CSharp.Player.csproj", "{6066E543-6188-A440-E372-875A7F02E00F}"
EndProject
Global
	GlobalSection(SolutionConfigurationPlatforms) = preSolution
		Debug|Any CPU = Debug|Any CPU
		Release|Any CPU = Release|Any CPU
	EndGlobalSection
	GlobalSection(ProjectConfigurationPlatforms) = postSolution
		{86DECBCC-E958-636C-0D16-DCE037BDF6AD}.Debug|Any CPU.ActiveCfg = Debug|Any CPU
		{86DECBCC-E958-636C-0D16-DCE037BDF6AD}.Debug|Any CPU.Build.0 = Debug|Any CPU
		{86DECBCC-E958-636C-0D16-DCE037BDF6AD}.Release|Any CPU.ActiveCfg = Release|Any CPU
		{86DECBCC-E958-636C-0D16-DCE037BDF6AD}.Release|Any CPU.Build.0 = Release|Any CPU
		{5166EF62-49B1-83F8-4CE9-414B06C593E4}.Debug|Any CPU.ActiveCfg = Debug|Any CPU
		{5166EF62-49B1-83F8-4CE9-414B06C593E4}.Debug|Any CPU.Build.0 = Debug|Any CPU
		{5166EF62-49B1-83F8-4CE9-414B06C593E4}.Release|Any CPU.ActiveCfg = Release|Any CPU
		{5166EF62-49B1-83F8-4CE9-414B06C593E4}.Release|Any CPU.Build.0 = Release|Any CPU
		{C1BD0D23-76E5-0DB8-F998-DF084AAB2E0D}.Debug|Any CPU.ActiveCfg = Debug|Any CPU
		{C1BD0D23-76E5-0DB8-F998-DF084AAB2E0D}.Debug|Any CPU.Build.0 = Debug|Any CPU
		{C1BD0D23-76E5-0DB8-F998-DF084AAB2E0D}.Release|Any CPU.ActiveCfg = Release|Any CPU
		{C1BD0D23-76E5-0DB8-F998-DF084AAB2E0D}.Release|Any CPU.Build.0 = Release|Any CPU
		{4F5519CF-D7E3-021A-6E78-CE036FD99D7F}.Debug|Any CPU.ActiveCfg = Debug|Any CPU
		{4F5519CF-D7E3-021A-6E78-CE036FD99D7F}.Debug|Any CPU.Build.0 = Debug|Any CPU
		{4F5519CF-D7E3-021A-6E78-CE036FD99D7F}.Release|Any CPU.ActiveCfg = Release|Any CPU
		{4F5519CF-D7E3-021A-6E78-CE036FD99D7F}.Release|Any CPU.Build.0 = Release|Any CPU
		{B2B58FB2-4462-6B0C-A872-40DD957E5FE0}.Debug|Any CPU.ActiveCfg = Debug|Any CPU
		{B2B58FB2-4462-6B0C-A872-40DD957E5FE0}.Debug|Any CPU.Build.0 = Debug|Any CPU
		{B2B58FB2-4462-6B0C-A872-40DD957E5FE0}.Release|Any CPU.ActiveCfg = Release|Any CPU
		{B2B58FB2-4462-6B0C-A872-40DD957E5FE0}.Release|Any CPU.Build.0 = Release|Any CPU
		{79BD3602-F49E-FC5F-D168-D55E8032F8C9}.Debug|Any CPU.ActiveCfg = Debug|Any CPU
		{79BD3602-F49E-FC5F-D168-D55E8032F8C9}.Debug|Any CPU.Build.0 = Debug|Any CPU
		{79BD3602-F49E-FC5F-D168-D55E8032F8C9}.Release|Any CPU.ActiveCfg = Release|Any CPU
		{79BD3602-F49E-FC5F-D168-D55E8032F8C9}.Release|Any CPU.Build.0 = Release|Any CPU
		{9A1C864E-BEA1-EEFB-CA45-CF9C1E24C27E}.Debug|Any CPU.ActiveCfg = Debug|Any CPU
		{9A1C864E-BEA1-EEFB-CA45-CF9C1E24C27E}.Debug|Any CPU.Build.0 = Debug|Any CPU
		{9A1C864E-BEA1-EEFB-CA45-CF9C1E24C27E}.Release|Any CPU.ActiveCfg = Release|Any CPU
		{9A1C864E-BEA1-EEFB-CA45-CF9C1E24C27E}.Release|Any CPU.Build.0 = Release|Any CPU
		{D5DE0C21-7127-2564-597B-B50456EA80A2}.Debug|Any CPU.ActiveCfg = Debug|Any CPU
		{D5DE0C21-7127-2564-597B-B50456EA80A2}.Debug|Any CPU.Build.0 = Debug|Any CPU
		{D5DE0C21-7127-2564-597B-B50456EA80A2}.Release|Any CPU.ActiveCfg = Release|Any CPU
		{D5DE0C21-7127-2564-597B-B50456EA80A2}.Release|Any CPU.Build.0 = Release|Any CPU
		{46D59EF0-6788-C10D-25DD-0D8144EB4B31}.Debug|Any CPU.ActiveCfg = Debug|Any CPU
		{46D59EF0-6788-C10D-25DD-0D8144EB4B31}.Debug|Any CPU.Build.0 = Debug|Any CPU
		{46D59EF0-6788-C10D-25DD-0D8144EB4B31}.Release|Any CPU.ActiveCfg = Release|Any CPU
		{46D59EF0-6788-C10D-25DD-0D8144EB4B31}.Release|Any CPU.Build.0 = Release|Any CPU
		{326A4F9C-20F0-E078-29A3-6605A766BA46}.Debug|Any CPU.ActiveCfg = Debug|Any CPU
		{326A4F9C-20F0-E078-29A3-6605A766BA46}.Debug|Any CPU.Build.0 = Debug|Any CPU
		{326A4F9C-20F0-E078-29A3-6605A766BA46}.Release|Any CPU.ActiveCfg = Release|Any CPU
		{326A4F9C-20F0-E078-29A3-6605A766BA46}.Release|Any CPU.Build.0 = Release|Any CPU
		{37F795A0-7B2D-F2ED-D868-2C8F2C06FA1D}.Debug|Any CPU.ActiveCfg = Debug|Any CPU
		{37F795A0-7B2D-F2ED-D868-2C8F2C06FA1D}.Debug|Any CPU.Build.0 = Debug|Any CPU
		{37F795A0-7B2D-F2ED-D868-2C8F2C06FA1D}.Release|Any CPU.ActiveCfg = Release|Any CPU
		{37F795A0-7B2D-F2ED-D868-2C8F2C06FA1D}.Release|Any CPU.Build.0 = Release|Any CPU
		{02FE65F0-FA6E-FB2F-DC1E-CB733254DFAF}.Debug|Any CPU.ActiveCfg = Debug|Any CPU
		{02FE65F0-FA6E-FB2F-DC1E-CB733254DFAF}.Debug|Any CPU.Build.0 = Debug|Any CPU
		{02FE65F0-FA6E-FB2F-DC1E-CB733254DFAF}.Release|Any CPU.ActiveCfg = Release|Any CPU
		{02FE65F0-FA6E-FB2F-DC1E-CB733254DFAF}.Release|Any CPU.Build.0 = Release|Any CPU
		{6066E543-6188-A440-E372-875A7F02E00F}.Debug|Any CPU.ActiveCfg = Debug|Any CPU
		{6066E543-6188-A440-E372-875A7F02E00F}.Debug|Any CPU.Build.0 = Debug|Any CPU
		{6066E543-6188-A440-E372-875A7F02E00F}.Release|Any CPU.ActiveCfg = Release|Any CPU
		{6066E543-6188-A440-E372-875A7F02E00F}.Release|Any CPU.Build.0 = Release|Any CPU
	EndGlobalSection
	GlobalSection(SolutionProperties) = preSolution
		HideSolutionNode = FALSE
	EndGlobalSection
EndGlobal
